
Microsoft Visual Studio Solution File, Format Version 12.00
# Visual Studio Express 2012 for Windows Desktop
Project("{FAE04EC0-301F-11D3-BF4B-00C04F79EFBC}") = "HumphreyErikIceCream", "HumphreyErikIceCream\HumphreyErikIceCream.csproj", "{12A9ABAC-1F7D-4A98-8AC7-C099D7CCB20B}"
EndProject
Global
	GlobalSection(SolutionConfigurationPlatforms) = preSolution
		Debug|Any CPU = Debug|Any CPU
		Release|Any CPU = Release|Any CPU
	EndGlobalSection
	GlobalSection(ProjectConfigurationPlatforms) = postSolution
		{12A9ABAC-1F7D-4A98-8AC7-C099D7CCB20B}.Debug|Any CPU.ActiveCfg = Debug|Any CPU
		{12A9ABAC-1F7D-4A98-8AC7-C099D7CCB20B}.Debug|Any CPU.Build.0 = Debug|Any CPU
		{12A9ABAC-1F7D-4A98-8AC7-C099D7CCB20B}.Release|Any CPU.ActiveCfg = Release|Any CPU
		{12A9ABAC-1F7D-4A98-8AC7-C099D7CCB20B}.Release|Any CPU.Build.0 = Release|Any CPU
	EndGlobalSection
	GlobalSection(SolutionProperties) = preSolution
		HideSolutionNode = FALSE
	EndGlobalSection
EndGlobal
